
Microsoft Visual Studio Solution File, Format Version 12.00
# Visual Studio Version 16
VisualStudioVersion = 16.0.30114.105
MinimumVisualStudioVersion = 10.0.40219.1
Project("{FAE04EC0-301F-11D3-BF4B-00C04F79EFBC}") = "CoreARM", "..\Core\CoreARM.csproj", "{1F531714-BC12-4431-A7FB-249CE3EEE7C6}"
EndProject
Project("{FAE04EC0-301F-11D3-BF4B-00C04F79EFBC}") = "CommandLine", "CommandLine.csproj", "{106B4E6F-C636-44E5-A027-133859323AD3}"
	ProjectSection(ProjectDependencies) = postProject
		{1F531714-BC12-4431-A7FB-249CE3EEE7C6} = {1F531714-BC12-4431-A7FB-249CE3EEE7C6}
	EndProjectSection
EndProject
Project("{FAE04EC0-301F-11D3-BF4B-00C04F79EFBC}") = "Tests", "..\Tests\Tests.csproj", "{79DA4707-CF8D-4463-882F-365C536FCD54}"
	ProjectSection(ProjectDependencies) = postProject
		{106B4E6F-C636-44E5-A027-133859323AD3} = {106B4E6F-C636-44E5-A027-133859323AD3}
	EndProjectSection
EndProject
Project("{FAE04EC0-301F-11D3-BF4B-00C04F79EFBC}") = "FormulaCodeGeneratorTaskDotNet", "..\Extensions\FormulaCodeGeneratorTask\FormulaCodeGeneratorTaskDotNet.csproj", "{F29FF407-FCA4-4117-8FC2-9AC0ECDF3549}"
	ProjectSection(ProjectDependencies) = postProject
		{1F531714-BC12-4431-A7FB-249CE3EEE7C6} = {1F531714-BC12-4431-A7FB-249CE3EEE7C6}
	EndProjectSection
EndProject
Global
	GlobalSection(SolutionConfigurationPlatforms) = preSolution
		Debug|ARM64 = Debug|ARM64
		Release|ARM64 = Release|ARM64
	EndGlobalSection
	GlobalSection(SolutionProperties) = preSolution
		HideSolutionNode = FALSE
	EndGlobalSection
	GlobalSection(ProjectConfigurationPlatforms) = postSolution
		{1F531714-BC12-4431-A7FB-249CE3EEE7C6}.Debug|ARM64.ActiveCfg = Debug|ARM64
		{1F531714-BC12-4431-A7FB-249CE3EEE7C6}.Debug|ARM64.Build.0 = Debug|ARM64
		{1F531714-BC12-4431-A7FB-249CE3EEE7C6}.Release|ARM64.ActiveCfg = Release|ARM64
		{1F531714-BC12-4431-A7FB-249CE3EEE7C6}.Release|ARM64.Build.0 = Release|ARM64
		{106B4E6F-C636-44E5-A027-133859323AD3}.Debug|ARM64.ActiveCfg = Debug|ARM64
		{106B4E6F-C636-44E5-A027-133859323AD3}.Debug|ARM64.Build.0 = Debug|ARM64
		{106B4E6F-C636-44E5-A027-133859323AD3}.Release|ARM64.ActiveCfg = Release|ARM64
		{106B4E6F-C636-44E5-A027-133859323AD3}.Release|ARM64.Build.0 = Release|ARM64
		{79DA4707-CF8D-4463-882F-365C536FCD54}.Debug|ARM64.ActiveCfg = Debug|ARM64
		{79DA4707-CF8D-4463-882F-365C536FCD54}.Debug|ARM64.Build.0 = Debug|ARM64
		{79DA4707-CF8D-4463-882F-365C536FCD54}.Release|ARM64.ActiveCfg = Release|ARM64
		{79DA4707-CF8D-4463-882F-365C536FCD54}.Release|ARM64.Build.0 = Release|ARM64
		{F29FF407-FCA4-4117-8FC2-9AC0ECDF3549}.Debug|ARM64.ActiveCfg = Debug|ARM64
		{F29FF407-FCA4-4117-8FC2-9AC0ECDF3549}.Debug|ARM64.Build.0 = Debug|ARM64
		{F29FF407-FCA4-4117-8FC2-9AC0ECDF3549}.Release|ARM64.ActiveCfg = Release|ARM64
		{F29FF407-FCA4-4117-8FC2-9AC0ECDF3549}.Release|ARM64.Build.0 = Release|ARM64
	EndGlobalSection
EndGlobal
